
Microsoft Visual Studio Solution File, Format Version 12.00
# Visual Studio Version 17
VisualStudioVersion = 17.7.34221.43
MinimumVisualStudioVersion = 10.0.40219.1
Project("{FAE04EC0-301F-11D3-BF4B-00C04F79EFBC}") = "bvelozt1", "bvelozt1.csproj", "{B9439053-8306-4523-9272-E6E9CBC9A6CC}"
EndProject
Global
	GlobalSection(SolutionConfigurationPlatforms) = preSolution
		Debug|Any CPU = Debug|Any CPU
		Release|Any CPU = Release|Any CPU
	EndGlobalSection
	GlobalSection(ProjectConfigurationPlatforms) = postSolution
		{B9439053-8306-4523-9272-E6E9CBC9A6CC}.Debug|Any CPU.ActiveCfg = Debug|Any CPU
		{B9439053-8306-4523-9272-E6E9CBC9A6CC}.Debug|Any CPU.Build.0 = Debug|Any CPU
		{B9439053-8306-4523-9272-E6E9CBC9A6CC}.Debug|Any CPU.Deploy.0 = Debug|Any CPU
		{B9439053-8306-4523-9272-E6E9CBC9A6CC}.Release|Any CPU.ActiveCfg = Release|Any CPU
		{B9439053-8306-4523-9272-E6E9CBC9A6CC}.Release|Any CPU.Build.0 = Release|Any CPU
		{B9439053-8306-4523-9272-E6E9CBC9A6CC}.Release|Any CPU.Deploy.0 = Release|Any CPU
	EndGlobalSection
	GlobalSection(SolutionProperties) = preSolution
		HideSolutionNode = FALSE
	EndGlobalSection
	GlobalSection(ExtensibilityGlobals) = postSolution
		SolutionGuid = {DC90D947-AA23-4AB7-B95B-1E523CE61A36}
	EndGlobalSection
EndGlobal
